
Microsoft Visual Studio Solution File, Format Version 12.00
# Visual Studio Version 16
VisualStudioVersion = 16.0.31410.357
MinimumVisualStudioVersion = 10.0.40219.1
Project("{9A19103F-16F7-4668-BE54-9A1E7A4F7556}") = "ApiStock.Application", "ApiStock.Application\ApiStock.Application.csproj", "{2AA3D5E9-687D-4542-84A4-891B1052E903}"
EndProject
Project("{9A19103F-16F7-4668-BE54-9A1E7A4F7556}") = "ApiStock.Domain", "ApiStock.Domain\ApiStock.Domain.csproj", "{C302C5EB-5D88-41EC-A9A6-CA1BE2CE98E0}"
EndProject
Project("{9A19103F-16F7-4668-BE54-9A1E7A4F7556}") = "ApiStock.Infrastructure", "ApiStock.Infrastructure\ApiStock.Infrastructure.csproj", "{3B74A4D9-132C-4888-AF2D-B6C7CE7FF956}"
EndProject
Project("{FAE04EC0-301F-11D3-BF4B-00C04F79EFBC}") = "ApiStock.Infrastructure.Services", "ApiStock.Infrastructure.Services\ApiStock.Infrastructure.Services.csproj", "{7E93DBD1-B1D9-412F-AAEA-936F6BF1F70D}"
EndProject
Global
	GlobalSection(SolutionConfigurationPlatforms) = preSolution
		Debug|Any CPU = Debug|Any CPU
		Release|Any CPU = Release|Any CPU
	EndGlobalSection
	GlobalSection(ProjectConfigurationPlatforms) = postSolution
		{2AA3D5E9-687D-4542-84A4-891B1052E903}.Debug|Any CPU.ActiveCfg = Debug|Any CPU
		{2AA3D5E9-687D-4542-84A4-891B1052E903}.Debug|Any CPU.Build.0 = Debug|Any CPU
		{2AA3D5E9-687D-4542-84A4-891B1052E903}.Release|Any CPU.ActiveCfg = Release|Any CPU
		{2AA3D5E9-687D-4542-84A4-891B1052E903}.Release|Any CPU.Build.0 = Release|Any CPU
		{C302C5EB-5D88-41EC-A9A6-CA1BE2CE98E0}.Debug|Any CPU.ActiveCfg = Debug|Any CPU
		{C302C5EB-5D88-41EC-A9A6-CA1BE2CE98E0}.Debug|Any CPU.Build.0 = Debug|Any CPU
		{C302C5EB-5D88-41EC-A9A6-CA1BE2CE98E0}.Release|Any CPU.ActiveCfg = Release|Any CPU
		{C302C5EB-5D88-41EC-A9A6-CA1BE2CE98E0}.Release|Any CPU.Build.0 = Release|Any CPU
		{3B74A4D9-132C-4888-AF2D-B6C7CE7FF956}.Debug|Any CPU.ActiveCfg = Debug|Any CPU
		{3B74A4D9-132C-4888-AF2D-B6C7CE7FF956}.Debug|Any CPU.Build.0 = Debug|Any CPU
		{3B74A4D9-132C-4888-AF2D-B6C7CE7FF956}.Release|Any CPU.ActiveCfg = Release|Any CPU
		{3B74A4D9-132C-4888-AF2D-B6C7CE7FF956}.Release|Any CPU.Build.0 = Release|Any CPU
		{7E93DBD1-B1D9-412F-AAEA-936F6BF1F70D}.Debug|Any CPU.ActiveCfg = Debug|Any CPU
		{7E93DBD1-B1D9-412F-AAEA-936F6BF1F70D}.Debug|Any CPU.Build.0 = Debug|Any CPU
		{7E93DBD1-B1D9-412F-AAEA-936F6BF1F70D}.Release|Any CPU.ActiveCfg = Release|Any CPU
		{7E93DBD1-B1D9-412F-AAEA-936F6BF1F70D}.Release|Any CPU.Build.0 = Release|Any CPU
	EndGlobalSection
	GlobalSection(SolutionProperties) = preSolution
		HideSolutionNode = FALSE
	EndGlobalSection
	GlobalSection(ExtensibilityGlobals) = postSolution
		SolutionGuid = {D183CBC7-26B1-41F1-A849-733594A730D9}
	EndGlobalSection
EndGlobal
